
Microsoft Visual Studio Solution File, Format Version 12.00
# Visual Studio Version 17
VisualStudioVersion = 17.0.31919.166
MinimumVisualStudioVersion = 10.0.40219.1
Project("{F2A71F9B-5D33-465A-A702-920D77279786}") = "fsnifti", "fsnifti\fsnifti.fsproj", "{E4A39A37-133B-4507-8D14-B469341FEDFF}"
EndProject
Project("{FAE04EC0-301F-11D3-BF4B-00C04F79EFBC}") = "csnifti", "csnifti\csnifti.csproj", "{A6210FB5-322D-4B22-9D04-41322D695E13}"
EndProject
Global
	GlobalSection(SolutionConfigurationPlatforms) = preSolution
		Debug|Any CPU = Debug|Any CPU
		Release|Any CPU = Release|Any CPU
	EndGlobalSection
	GlobalSection(ProjectConfigurationPlatforms) = postSolution
		{E4A39A37-133B-4507-8D14-B469341FEDFF}.Debug|Any CPU.ActiveCfg = Debug|Any CPU
		{E4A39A37-133B-4507-8D14-B469341FEDFF}.Debug|Any CPU.Build.0 = Debug|Any CPU
		{E4A39A37-133B-4507-8D14-B469341FEDFF}.Release|Any CPU.ActiveCfg = Release|Any CPU
		{E4A39A37-133B-4507-8D14-B469341FEDFF}.Release|Any CPU.Build.0 = Release|Any CPU
		{A6210FB5-322D-4B22-9D04-41322D695E13}.Debug|Any CPU.ActiveCfg = Debug|Any CPU
		{A6210FB5-322D-4B22-9D04-41322D695E13}.Debug|Any CPU.Build.0 = Debug|Any CPU
		{A6210FB5-322D-4B22-9D04-41322D695E13}.Release|Any CPU.ActiveCfg = Release|Any CPU
		{A6210FB5-322D-4B22-9D04-41322D695E13}.Release|Any CPU.Build.0 = Release|Any CPU
	EndGlobalSection
	GlobalSection(SolutionProperties) = preSolution
		HideSolutionNode = FALSE
	EndGlobalSection
	GlobalSection(ExtensibilityGlobals) = postSolution
		SolutionGuid = {5F7F35B6-281E-480B-96E4-042EEF2F8BC9}
	EndGlobalSection
EndGlobal
